# This file is automatically @generated by Cargo.
# It is not intended for manual editing.
version = 3

[[package]]
name = "ansi_codes"
version = "0.2.1"
source = "registry+https://github.com/rust-lang/crates.io-index"
checksum = "46c820b59acc1f95bfb7110398729008c9ed7e6c167164d745539cb69e545371"

[[package]]
name = "gol"
version = "0.1.0"
dependencies = [
 "ansi_codes",
]
